
Microsoft Visual Studio Solution File, Format Version 12.00
# Visual Studio Version 16
VisualStudioVersion = 16.0.29102.190
MinimumVisualStudioVersion = 10.0.40219.1
Project("{FAE04EC0-301F-11D3-BF4B-00C04F79EFBC}") = "VH-Connect-PWA", "VH-Connect-PWA.csproj", "{F59E0477-558E-4E2E-9126-E6877FEFB7AA}"
EndProject
Global
	GlobalSection(SolutionConfigurationPlatforms) = preSolution
		Debug|Any CPU = Debug|Any CPU
		Release|Any CPU = Release|Any CPU
	EndGlobalSection
	GlobalSection(ProjectConfigurationPlatforms) = postSolution
		{F59E0477-558E-4E2E-9126-E6877FEFB7AA}.Debug|Any CPU.ActiveCfg = Debug|Any CPU
		{F59E0477-558E-4E2E-9126-E6877FEFB7AA}.Debug|Any CPU.Build.0 = Debug|Any CPU
		{F59E0477-558E-4E2E-9126-E6877FEFB7AA}.Release|Any CPU.ActiveCfg = Release|Any CPU
		{F59E0477-558E-4E2E-9126-E6877FEFB7AA}.Release|Any CPU.Build.0 = Release|Any CPU
	EndGlobalSection
	GlobalSection(SolutionProperties) = preSolution
		HideSolutionNode = FALSE
	EndGlobalSection
	GlobalSection(ExtensibilityGlobals) = postSolution
		SolutionGuid = {90A09AB2-82FF-4419-A7C3-064C5010A3DE}
	EndGlobalSection
EndGlobal
